
Microsoft Visual Studio Solution File, Format Version 12.00
# Visual Studio 15
VisualStudioVersion = 15.0.26228.13
MinimumVisualStudioVersion = 10.0.40219.1
Project("{FAE04EC0-301F-11D3-BF4B-00C04F79EFBC}") = "DogApi", "DogApi\DogApi.csproj", "{A7FC5063-A9A4-4F1C-B325-ADC421288DE7}"
EndProject
Project("{FAE04EC0-301F-11D3-BF4B-00C04F79EFBC}") = "DogApi.Tests", "DogApi.Tests\DogApi.Tests.csproj", "{EECF73B6-D055-44F8-BEFC-0E006EE2BEDB}"
EndProject
Global
	GlobalSection(SolutionConfigurationPlatforms) = preSolution
		Debug|Any CPU = Debug|Any CPU
		Release|Any CPU = Release|Any CPU
	EndGlobalSection
	GlobalSection(ProjectConfigurationPlatforms) = postSolution
		{A7FC5063-A9A4-4F1C-B325-ADC421288DE7}.Debug|Any CPU.ActiveCfg = Debug|Any CPU
		{A7FC5063-A9A4-4F1C-B325-ADC421288DE7}.Debug|Any CPU.Build.0 = Debug|Any CPU
		{A7FC5063-A9A4-4F1C-B325-ADC421288DE7}.Release|Any CPU.ActiveCfg = Release|Any CPU
		{A7FC5063-A9A4-4F1C-B325-ADC421288DE7}.Release|Any CPU.Build.0 = Release|Any CPU
		{EECF73B6-D055-44F8-BEFC-0E006EE2BEDB}.Debug|Any CPU.ActiveCfg = Debug|Any CPU
		{EECF73B6-D055-44F8-BEFC-0E006EE2BEDB}.Debug|Any CPU.Build.0 = Debug|Any CPU
		{EECF73B6-D055-44F8-BEFC-0E006EE2BEDB}.Release|Any CPU.ActiveCfg = Release|Any CPU
		{EECF73B6-D055-44F8-BEFC-0E006EE2BEDB}.Release|Any CPU.Build.0 = Release|Any CPU
	EndGlobalSection
	GlobalSection(SolutionProperties) = preSolution
		HideSolutionNode = FALSE
	EndGlobalSection
EndGlobal
