
Microsoft Visual Studio Solution File, Format Version 12.00
# Visual Studio 15
VisualStudioVersion = 15.0.26228.13
MinimumVisualStudioVersion = 10.0.40219.1
Project("{FAE04EC0-301F-11D3-BF4B-00C04F79EFBC}") = "TransactionService", "TransactionService\TransactionService.csproj", "{76C5B775-28EC-4703-B25D-2CBD0ECB572B}"
EndProject
Project("{FAE04EC0-301F-11D3-BF4B-00C04F79EFBC}") = "TransactionClient", "TransactionClient\TransactionClient.csproj", "{2B66772B-BE8A-40E3-A5BF-8ABAFD609CF3}"
EndProject
Project("{FAE04EC0-301F-11D3-BF4B-00C04F79EFBC}") = "TransactionShared", "TransactionShared\TransactionShared.csproj", "{BAE64791-308B-4DC0-A12D-656BDCF13B1B}"
EndProject
Global
	GlobalSection(SolutionConfigurationPlatforms) = preSolution
		Debug|Any CPU = Debug|Any CPU
		Release|Any CPU = Release|Any CPU
	EndGlobalSection
	GlobalSection(ProjectConfigurationPlatforms) = postSolution
		{76C5B775-28EC-4703-B25D-2CBD0ECB572B}.Debug|Any CPU.ActiveCfg = Debug|Any CPU
		{76C5B775-28EC-4703-B25D-2CBD0ECB572B}.Debug|Any CPU.Build.0 = Debug|Any CPU
		{76C5B775-28EC-4703-B25D-2CBD0ECB572B}.Release|Any CPU.ActiveCfg = Release|Any CPU
		{76C5B775-28EC-4703-B25D-2CBD0ECB572B}.Release|Any CPU.Build.0 = Release|Any CPU
		{2B66772B-BE8A-40E3-A5BF-8ABAFD609CF3}.Debug|Any CPU.ActiveCfg = Debug|Any CPU
		{2B66772B-BE8A-40E3-A5BF-8ABAFD609CF3}.Debug|Any CPU.Build.0 = Debug|Any CPU
		{2B66772B-BE8A-40E3-A5BF-8ABAFD609CF3}.Release|Any CPU.ActiveCfg = Release|Any CPU
		{2B66772B-BE8A-40E3-A5BF-8ABAFD609CF3}.Release|Any CPU.Build.0 = Release|Any CPU
		{BAE64791-308B-4DC0-A12D-656BDCF13B1B}.Debug|Any CPU.ActiveCfg = Debug|Any CPU
		{BAE64791-308B-4DC0-A12D-656BDCF13B1B}.Debug|Any CPU.Build.0 = Debug|Any CPU
		{BAE64791-308B-4DC0-A12D-656BDCF13B1B}.Release|Any CPU.ActiveCfg = Release|Any CPU
		{BAE64791-308B-4DC0-A12D-656BDCF13B1B}.Release|Any CPU.Build.0 = Release|Any CPU
	EndGlobalSection
	GlobalSection(SolutionProperties) = preSolution
		HideSolutionNode = FALSE
	EndGlobalSection
EndGlobal
